
Microsoft Visual Studio Solution File, Format Version 12.00
# Visual Studio Version 17
VisualStudioVersion = 17.5.33627.172
MinimumVisualStudioVersion = 10.0.40219.1
Project("{2150E333-8FDC-42A3-9474-1A3956D46DE8}") = "MatchesApi", "MatchesApi", "{4601E7DE-BAC5-4517-9E42-AC5A0BE1780D}"
EndProject
Project("{2150E333-8FDC-42A3-9474-1A3956D46DE8}") = "TeamRatingsApi", "TeamRatingsApi", "{16DB9185-1D50-4DB2-9CC0-1D6D03101F05}"
EndProject
Project("{9A19103F-16F7-4668-BE54-9A1E7A4F7556}") = "Wsei.Matches.Core", "Wsei.Matches\Wsei.Matches.Core\Wsei.Matches.Core.csproj", "{B341B423-706A-444D-820C-F9C2ECAD518B}"
EndProject
Project("{9A19103F-16F7-4668-BE54-9A1E7A4F7556}") = "Wsei.Matches.Web", "Wsei.Matches\Wsei.Matches.Web\Wsei.Matches.Web.csproj", "{E29E763B-4663-4BC5-AFD9-DD50D5CF87CB}"
EndProject
Project("{9A19103F-16F7-4668-BE54-9A1E7A4F7556}") = "Wsei.Matches.Infrastructure", "Wsei.Matches\Wsei.Matches.Infrastructure\Wsei.Matches.Infrastructure.csproj", "{54894C37-217C-4115-AB49-5AC5E1D8C187}"
EndProject
Project("{9A19103F-16F7-4668-BE54-9A1E7A4F7556}") = "Wsei.TeamRatingsApi.Core", "Wsei.TeamRatingsApi\Wsei.TeamRatingsApi.Core\Wsei.TeamRatingsApi.Core.csproj", "{70763184-117A-4ECC-87AC-00F597D7EB4E}"
EndProject
Project("{9A19103F-16F7-4668-BE54-9A1E7A4F7556}") = "Wsei.TeamRatingsApi.Infrastructure", "Wsei.TeamRatingsApi\Wsei.TeamRatingsApi.Infrastructure\Wsei.TeamRatingsApi.Infrastructure.csproj", "{B9DDB84D-FBD5-44F2-8DB6-68BB8F93E6E3}"
EndProject
Project("{9A19103F-16F7-4668-BE54-9A1E7A4F7556}") = "Wsei.TeamRatingsApi.Web", "Wsei.TeamRatingsApi\Wsei.TeamRatingsApi.Web\Wsei.TeamRatingsApi.Web.csproj", "{B3C7C5F6-45B0-471D-A1D2-6AAE3BF8AFEA}"
EndProject
Project("{2150E333-8FDC-42A3-9474-1A3956D46DE8}") = "AuthrozationApi", "AuthrozationApi", "{135EE16C-1473-476B-AE0F-0F4156D92560}"
EndProject
Project("{9A19103F-16F7-4668-BE54-9A1E7A4F7556}") = "Wsei.AutorizationApi", "Wsei.AuthorizationApi\Wsei.AutorizationApi\Wsei.AutorizationApi.csproj", "{3A14CAAE-C152-45C9-A2CB-CD09DAF5D3DD}"
EndProject
Global
	GlobalSection(SolutionConfigurationPlatforms) = preSolution
		Debug|Any CPU = Debug|Any CPU
		Release|Any CPU = Release|Any CPU
	EndGlobalSection
	GlobalSection(ProjectConfigurationPlatforms) = postSolution
		{B341B423-706A-444D-820C-F9C2ECAD518B}.Debug|Any CPU.ActiveCfg = Debug|Any CPU
		{B341B423-706A-444D-820C-F9C2ECAD518B}.Debug|Any CPU.Build.0 = Debug|Any CPU
		{B341B423-706A-444D-820C-F9C2ECAD518B}.Release|Any CPU.ActiveCfg = Release|Any CPU
		{B341B423-706A-444D-820C-F9C2ECAD518B}.Release|Any CPU.Build.0 = Release|Any CPU
		{E29E763B-4663-4BC5-AFD9-DD50D5CF87CB}.Debug|Any CPU.ActiveCfg = Debug|Any CPU
		{E29E763B-4663-4BC5-AFD9-DD50D5CF87CB}.Debug|Any CPU.Build.0 = Debug|Any CPU
		{E29E763B-4663-4BC5-AFD9-DD50D5CF87CB}.Release|Any CPU.ActiveCfg = Release|Any CPU
		{E29E763B-4663-4BC5-AFD9-DD50D5CF87CB}.Release|Any CPU.Build.0 = Release|Any CPU
		{54894C37-217C-4115-AB49-5AC5E1D8C187}.Debug|Any CPU.ActiveCfg = Debug|Any CPU
		{54894C37-217C-4115-AB49-5AC5E1D8C187}.Debug|Any CPU.Build.0 = Debug|Any CPU
		{54894C37-217C-4115-AB49-5AC5E1D8C187}.Release|Any CPU.ActiveCfg = Release|Any CPU
		{54894C37-217C-4115-AB49-5AC5E1D8C187}.Release|Any CPU.Build.0 = Release|Any CPU
		{70763184-117A-4ECC-87AC-00F597D7EB4E}.Debug|Any CPU.ActiveCfg = Debug|Any CPU
		{70763184-117A-4ECC-87AC-00F597D7EB4E}.Debug|Any CPU.Build.0 = Debug|Any CPU
		{70763184-117A-4ECC-87AC-00F597D7EB4E}.Release|Any CPU.ActiveCfg = Release|Any CPU
		{70763184-117A-4ECC-87AC-00F597D7EB4E}.Release|Any CPU.Build.0 = Release|Any CPU
		{B9DDB84D-FBD5-44F2-8DB6-68BB8F93E6E3}.Debug|Any CPU.ActiveCfg = Debug|Any CPU
		{B9DDB84D-FBD5-44F2-8DB6-68BB8F93E6E3}.Debug|Any CPU.Build.0 = Debug|Any CPU
		{B9DDB84D-FBD5-44F2-8DB6-68BB8F93E6E3}.Release|Any CPU.ActiveCfg = Release|Any CPU
		{B9DDB84D-FBD5-44F2-8DB6-68BB8F93E6E3}.Release|Any CPU.Build.0 = Release|Any CPU
		{B3C7C5F6-45B0-471D-A1D2-6AAE3BF8AFEA}.Debug|Any CPU.ActiveCfg = Debug|Any CPU
		{B3C7C5F6-45B0-471D-A1D2-6AAE3BF8AFEA}.Debug|Any CPU.Build.0 = Debug|Any CPU
		{B3C7C5F6-45B0-471D-A1D2-6AAE3BF8AFEA}.Release|Any CPU.ActiveCfg = Release|Any CPU
		{B3C7C5F6-45B0-471D-A1D2-6AAE3BF8AFEA}.Release|Any CPU.Build.0 = Release|Any CPU
		{3A14CAAE-C152-45C9-A2CB-CD09DAF5D3DD}.Debug|Any CPU.ActiveCfg = Debug|Any CPU
		{3A14CAAE-C152-45C9-A2CB-CD09DAF5D3DD}.Debug|Any CPU.Build.0 = Debug|Any CPU
		{3A14CAAE-C152-45C9-A2CB-CD09DAF5D3DD}.Release|Any CPU.ActiveCfg = Release|Any CPU
		{3A14CAAE-C152-45C9-A2CB-CD09DAF5D3DD}.Release|Any CPU.Build.0 = Release|Any CPU
	EndGlobalSection
	GlobalSection(SolutionProperties) = preSolution
		HideSolutionNode = FALSE
	EndGlobalSection
	GlobalSection(NestedProjects) = preSolution
		{B341B423-706A-444D-820C-F9C2ECAD518B} = {4601E7DE-BAC5-4517-9E42-AC5A0BE1780D}
		{E29E763B-4663-4BC5-AFD9-DD50D5CF87CB} = {4601E7DE-BAC5-4517-9E42-AC5A0BE1780D}
		{54894C37-217C-4115-AB49-5AC5E1D8C187} = {4601E7DE-BAC5-4517-9E42-AC5A0BE1780D}
		{70763184-117A-4ECC-87AC-00F597D7EB4E} = {16DB9185-1D50-4DB2-9CC0-1D6D03101F05}
		{B9DDB84D-FBD5-44F2-8DB6-68BB8F93E6E3} = {16DB9185-1D50-4DB2-9CC0-1D6D03101F05}
		{B3C7C5F6-45B0-471D-A1D2-6AAE3BF8AFEA} = {16DB9185-1D50-4DB2-9CC0-1D6D03101F05}
		{3A14CAAE-C152-45C9-A2CB-CD09DAF5D3DD} = {135EE16C-1473-476B-AE0F-0F4156D92560}
	EndGlobalSection
	GlobalSection(ExtensibilityGlobals) = postSolution
		SolutionGuid = {E58E97E1-9AEA-4219-91B5-5028A2CB969F}
	EndGlobalSection
EndGlobal
